
Microsoft Visual Studio Solution File, Format Version 12.00
# Visual Studio Version 16
VisualStudioVersion = 16.0.28902.138
MinimumVisualStudioVersion = 10.0.40219.1
Project("{FAE04EC0-301F-11D3-BF4B-00C04F79EFBC}") = "BACKEND", "BACKEND\BACKEND.csproj", "{2E51D727-EB54-49B0-B309-D936B6E3314B}"
EndProject
Global
	GlobalSection(SolutionConfigurationPlatforms) = preSolution
		Debug|Any CPU = Debug|Any CPU
		Release|Any CPU = Release|Any CPU
	EndGlobalSection
	GlobalSection(ProjectConfigurationPlatforms) = postSolution
		{2E51D727-EB54-49B0-B309-D936B6E3314B}.Debug|Any CPU.ActiveCfg = Debug|Any CPU
		{2E51D727-EB54-49B0-B309-D936B6E3314B}.Debug|Any CPU.Build.0 = Debug|Any CPU
		{2E51D727-EB54-49B0-B309-D936B6E3314B}.Release|Any CPU.ActiveCfg = Release|Any CPU
		{2E51D727-EB54-49B0-B309-D936B6E3314B}.Release|Any CPU.Build.0 = Release|Any CPU
	EndGlobalSection
	GlobalSection(SolutionProperties) = preSolution
		HideSolutionNode = FALSE
	EndGlobalSection
	GlobalSection(ExtensibilityGlobals) = postSolution
		SolutionGuid = {2E7E2331-8D69-495B-B366-F5CCA85FB2EC}
	EndGlobalSection
EndGlobal
